{
  "requires": true,
  "lockfileVersion": 1,
  "dependencies": {
    "iframe-lightbox": {
      "version": "0.2.11",
      "resolved": "https://registry.npmjs.org/iframe-lightbox/-/iframe-lightbox-0.2.11.tgz",
      "integrity": "sha512-Rl561jbkKGSNCcg2Mx+/htbcWJR5YCsc6O7jNaYyboL7ckvKH9LuObzYq+f8V7J7TUTBASvDx6qqsrN4m35+rw=="
    }
  }
}
